
Microsoft Visual Studio Solution File, Format Version 12.00
# Visual Studio 15
VisualStudioVersion = 15.0.28010.2026
MinimumVisualStudioVersion = 10.0.40219.1
Project("{FAE04EC0-301F-11D3-BF4B-00C04F79EFBC}") = "TestOpaDLL", "TestOpaDLL.csproj", "{F11E3224-22C0-4E24-93EC-016D82128FBA}"
EndProject
Global
	GlobalSection(SolutionConfigurationPlatforms) = preSolution
		Debug|Any CPU = Debug|Any CPU
		Release|Any CPU = Release|Any CPU
	EndGlobalSection
	GlobalSection(ProjectConfigurationPlatforms) = postSolution
		{F11E3224-22C0-4E24-93EC-016D82128FBA}.Debug|Any CPU.ActiveCfg = Debug|Any CPU
		{F11E3224-22C0-4E24-93EC-016D82128FBA}.Debug|Any CPU.Build.0 = Debug|Any CPU
		{F11E3224-22C0-4E24-93EC-016D82128FBA}.Release|Any CPU.ActiveCfg = Release|Any CPU
		{F11E3224-22C0-4E24-93EC-016D82128FBA}.Release|Any CPU.Build.0 = Release|Any CPU
	EndGlobalSection
	GlobalSection(SolutionProperties) = preSolution
		HideSolutionNode = FALSE
	EndGlobalSection
	GlobalSection(ExtensibilityGlobals) = postSolution
		SolutionGuid = {0B9FC31A-D68D-4D67-93A5-B1AF8F832BC2}
	EndGlobalSection
EndGlobal
